$begin 'ConnectionParameters'
	DesktopProcessID=5896
	DesktopProcessPath='D:\\ansys\\AnsysEM19.0\\Win64\\ansysedt.exe'
	LaunchedByWB=false
	$begin 'DesktopStubBlock'
		$begin 'CommDetails'
			TransportType=1
			IPAddress='192.168.0.180'
			ListenPort='62594'
		$end 'CommDetails'
		$begin 'Marshall'
			InstanceID=503
			ProcID=5896
			InterfaceID=1
			FactoryIntID='DesktopInterfaceForWBProxyStubFactory'
		$end 'Marshall'
	$end 'DesktopStubBlock'
	$begin 'DesktopBackgroundObjStubBlock'
		$begin 'CommDetails'
			TransportType=1
			IPAddress='192.168.0.180'
			ListenPort='62594'
		$end 'CommDetails'
		$begin 'Marshall'
			InstanceID=505
			ProcID=5896
			InterfaceID=2
			FactoryIntID='DesktopInterfaceForWBProxyStubFactory'
		$end 'Marshall'
	$end 'DesktopBackgroundObjStubBlock'
$end 'ConnectionParameters'
